// !$*UTF8*$!
{
	archiveVersion = 1;
	classes = {
	};
	objectVersion = 46;
	objects = {

/* Begin PBXBuildFile section */
		148C746F33C2AB3FDDC5644B /* Pods_VSD_VSDTests.framework in Frameworks */ = {isa = PBXBuildFile; fileRef = BD8B080CAD59E0F61942574B /* Pods_VSD_VSDTests.framework */; };
		28D349B5833CCF806B34449E /* Pods_VSD.framework in Frameworks */ = {isa = PBXBuildFile; fileRef = 3F331FAFE3E0BCCFC3E60F6F /* Pods_VSD.framework */; };
		3AD8A2BB19398CC10009D4C0 /* Foundation.framework in Frameworks */ = {isa = PBXBuildFile; fileRef = 3AD8A2BA19398CC10009D4C0 /* Foundation.framework */; };
		3AD8A2BF19398CC10009D4C0 /* UIKit.framework in Frameworks */ = {isa = PBXBuildFile; fileRef = 3AD8A2BE19398CC10009D4C0 /* UIKit.framework */; };
		3AD8A2C519398CC20009D4C0 /* InfoPlist.strings in Resources */ = {isa = PBXBuildFile; fileRef = 3AD8A2C319398CC20009D4C0 /* InfoPlist.strings */; };
		3AD8A2C719398CC20009D4C0 /* main.m in Sources */ = {isa = PBXBuildFile; fileRef = 3AD8A2C619398CC20009D4C0 /* main.m */; };
		3AD8A2CB19398CC20009D4C0 /* AppDelegate.mm in Sources */ = {isa = PBXBuildFile; fileRef = 3AD8A2CA19398CC20009D4C0 /* AppDelegate.mm */; };
		3AD8A2CE19398CC20009D4C0 /* RootViewController.mm in Sources */ = {isa = PBXBuildFile; fileRef = 3AD8A2CD19398CC20009D4C0 /* RootViewController.mm */; };
		3AD8A2D119398CC20009D4C0 /* DataViewController.mm in Sources */ = {isa = PBXBuildFile; fileRef = 3AD8A2D019398CC20009D4C0 /* DataViewController.mm */; };
		3AD8A2D419398CC20009D4C0 /* ModelController.mm in Sources */ = {isa = PBXBuildFile; fileRef = 3AD8A2D319398CC20009D4C0 /* ModelController.mm */; };
		3AD8A2D719398CC20009D4C0 /* Main.storyboard in Resources */ = {isa = PBXBuildFile; fileRef = 3AD8A2D519398CC20009D4C0 /* Main.storyboard */; };
		3AD8A2D919398CC20009D4C0 /* Images.xcassets in Resources */ = {isa = PBXBuildFile; fileRef = 3AD8A2D819398CC20009D4C0 /* Images.xcassets */; };
		3AD8A2E019398CC20009D4C0 /* XCTest.framework in Frameworks */ = {isa = PBXBuildFile; fileRef = 3AD8A2DF19398CC20009D4C0 /* XCTest.framework */; };
		3AD8A2E119398CC20009D4C0 /* Foundation.framework in Frameworks */ = {isa = PBXBuildFile; fileRef = 3AD8A2BA19398CC10009D4C0 /* Foundation.framework */; };
		3AD8A2E219398CC20009D4C0 /* UIKit.framework in Frameworks */ = {isa = PBXBuildFile; fileRef = 3AD8A2BE19398CC10009D4C0 /* UIKit.framework */; };
		3AD8A2EA19398CC20009D4C0 /* InfoPlist.strings in Resources */ = {isa = PBXBuildFile; fileRef = 3AD8A2E819398CC20009D4C0 /* InfoPlist.strings */; };
		3AD8A2EC19398CC20009D4C0 /* VSDTests.m in Sources */ = {isa = PBXBuildFile; fileRef = 3AD8A2EB19398CC20009D4C0 /* VSDTests.m */; };
		3AD8A2F8193991010009D4C0 /* Accelerate.framework in Frameworks */ = {isa = PBXBuildFile; fileRef = 3AD8A2F5193991010009D4C0 /* Accelerate.framework */; };
		3AD8A2FA193991010009D4C0 /* AVFoundation.framework in Frameworks */ = {isa = PBXBuildFile; fileRef = 3AD8A2F7193991010009D4C0 /* AVFoundation.framework */; };
		3AD8A2FF1939912A0009D4C0 /* CoreAudio.framework in Frameworks */ = {isa = PBXBuildFile; fileRef = 3AD8A2FC1939912A0009D4C0 /* CoreAudio.framework */; };
		3AD8A303193995190009D4C0 /* AudioController.mm in Sources */ = {isa = PBXBuildFile; fileRef = 3AD8A302193995190009D4C0 /* AudioController.mm */; };
		3AD8A31D193A3BFC0009D4C0 /* AudioToolbox.framework in Frameworks */ = {isa = PBXBuildFile; fileRef = 3AD8A31C193A3BFC0009D4C0 /* AudioToolbox.framework */; };
		3AFBA6AD1940119000E8D9F0 /* BufferManager.mm in Sources */ = {isa = PBXBuildFile; fileRef = 3ADAEF52193EB299001AA2B5 /* BufferManager.mm */; };
		3E5A90EA1E0B74A90077137B /* QuartzCore.framework in Frameworks */ = {isa = PBXBuildFile; fileRef = 3A40D1C6194A746D0067B456 /* QuartzCore.framework */; };
		E80CA95B211C6B6100ACF035 /* CADebugMacros.cpp in Sources */ = {isa = PBXBuildFile; fileRef = E80CA954211C6B6100ACF035 /* CADebugMacros.cpp */; };
		E80CA95C211C6B6100ACF035 /* CAXException.cpp in Sources */ = {isa = PBXBuildFile; fileRef = E80CA956211C6B6100ACF035 /* CAXException.cpp */; };
		E80CA95D211C6B6100ACF035 /* CAStreamBasicDescription.cpp in Sources */ = {isa = PBXBuildFile; fileRef = E80CA958211C6B6100ACF035 /* CAStreamBasicDescription.cpp */; };
		E887B1162105F04C00FE97CB /* fft.cpp in Sources */ = {isa = PBXBuildFile; fileRef = E887B0F12105F04900FE97CB /* fft.cpp */; };
		E887B1172105F04C00FE97CB /* vsd_initialize.cpp in Sources */ = {isa = PBXBuildFile; fileRef = E887B0F22105F04900FE97CB /* vsd_initialize.cpp */; };
		E887B1182105F04C00FE97CB /* vsd_emxutil.cpp in Sources */ = {isa = PBXBuildFile; fileRef = E887B0F32105F04900FE97CB /* vsd_emxutil.cpp */; };
		E887B1192105F04C00FE97CB /* diff.cpp in Sources */ = {isa = PBXBuildFile; fileRef = E887B0F42105F04900FE97CB /* diff.cpp */; };
		E887B11A2105F04C00FE97CB /* bluesteinSetup.cpp in Sources */ = {isa = PBXBuildFile; fileRef = E887B0F62105F04900FE97CB /* bluesteinSetup.cpp */; };
		E887B11B2105F04C00FE97CB /* vsd_terminate.cpp in Sources */ = {isa = PBXBuildFile; fileRef = E887B0FC2105F04A00FE97CB /* vsd_terminate.cpp */; };
		E887B11C2105F04C00FE97CB /* vsd.cpp in Sources */ = {isa = PBXBuildFile; fileRef = E887B0FE2105F04A00FE97CB /* vsd.cpp */; };
		E887B11D2105F04C00FE97CB /* emd.cpp in Sources */ = {isa = PBXBuildFile; fileRef = E887B0FF2105F04A00FE97CB /* emd.cpp */; };
		E887B11E2105F04C00FE97CB /* rtGetInf.cpp in Sources */ = {isa = PBXBuildFile; fileRef = E887B1032105F04A00FE97CB /* rtGetInf.cpp */; };
		E887B11F2105F04C00FE97CB /* findpeaks.cpp in Sources */ = {isa = PBXBuildFile; fileRef = E887B1082105F04B00FE97CB /* findpeaks.cpp */; };
		E887B1202105F04C00FE97CB /* sum.cpp in Sources */ = {isa = PBXBuildFile; fileRef = E887B10A2105F04B00FE97CB /* sum.cpp */; };
		E887B1212105F04C00FE97CB /* abs.cpp in Sources */ = {isa = PBXBuildFile; fileRef = E887B10E2105F04B00FE97CB /* abs.cpp */; };
		E887B1222105F04C00FE97CB /* power.cpp in Sources */ = {isa = PBXBuildFile; fileRef = E887B10F2105F04B00FE97CB /* power.cpp */; };
		E887B1232105F04C00FE97CB /* pwchcore.cpp in Sources */ = {isa = PBXBuildFile; fileRef = E887B1102105F04B00FE97CB /* pwchcore.cpp */; };
		E887B1242105F04C00FE97CB /* rtGetNaN.cpp in Sources */ = {isa = PBXBuildFile; fileRef = E887B1122105F04C00FE97CB /* rtGetNaN.cpp */; };
		E887B1252105F04C00FE97CB /* spline.cpp in Sources */ = {isa = PBXBuildFile; fileRef = E887B1132105F04C00FE97CB /* spline.cpp */; };
		E887B1262105F04C00FE97CB /* fft1.cpp in Sources */ = {isa = PBXBuildFile; fileRef = E887B1142105F04C00FE97CB /* fft1.cpp */; };
		E887B1272105F04C00FE97CB /* rt_nonfinite.cpp in Sources */ = {isa = PBXBuildFile; fileRef = E887B1152105F04C00FE97CB /* rt_nonfinite.cpp */; };
/* End PBXBuildFile section */

/* Begin PBXContainerItemProxy section */
		3AD8A2E319398CC20009D4C0 /* PBXContainerItemProxy */ = {
			isa = PBXContainerItemProxy;
			containerPortal = 3AD8A2AF19398CC10009D4C0 /* Project object */;
			proxyType = 1;
			remoteGlobalIDString = 3AD8A2B619398CC10009D4C0;
			remoteInfo = VSD;
		};
/* End PBXContainerItemProxy section */

/* Begin PBXFileReference section */
		3A2C17C91979E90800DF5FE9 /* icon_120.png */ = {isa = PBXFileReference; lastKnownFileType = image.png; name = icon_120.png; path = ../icons/icon_120.png; sourceTree = "<group>"; };
		3A2C17CA1979E93D00DF5FE9 /* icon_80.png */ = {isa = PBXFileReference; lastKnownFileType = image.png; name = icon_80.png; path = ../icons/icon_80.png; sourceTree = "<group>"; };
		3A2C17CB1979E95300DF5FE9 /* icon_58.png */ = {isa = PBXFileReference; lastKnownFileType = image.png; name = icon_58.png; path = ../icons/icon_58.png; sourceTree = "<group>"; };
		3A40D1C6194A746D0067B456 /* QuartzCore.framework */ = {isa = PBXFileReference; lastKnownFileType = wrapper.framework; name = QuartzCore.framework; path = System/Library/Frameworks/QuartzCore.framework; sourceTree = SDKROOT; };
		3AD8A2B719398CC10009D4C0 /* VSD.app */ = {isa = PBXFileReference; explicitFileType = wrapper.application; includeInIndex = 0; path = VSD.app; sourceTree = BUILT_PRODUCTS_DIR; };
		3AD8A2BA19398CC10009D4C0 /* Foundation.framework */ = {isa = PBXFileReference; lastKnownFileType = wrapper.framework; name = Foundation.framework; path = System/Library/Frameworks/Foundation.framework; sourceTree = SDKROOT; };
		3AD8A2BC19398CC10009D4C0 /* CoreGraphics.framework */ = {isa = PBXFileReference; lastKnownFileType = wrapper.framework; name = CoreGraphics.framework; path = System/Library/Frameworks/CoreGraphics.framework; sourceTree = SDKROOT; };
		3AD8A2BE19398CC10009D4C0 /* UIKit.framework */ = {isa = PBXFileReference; lastKnownFileType = wrapper.framework; name = UIKit.framework; path = System/Library/Frameworks/UIKit.framework; sourceTree = SDKROOT; };
		3AD8A2C219398CC20009D4C0 /* VSD-Info.plist */ = {isa = PBXFileReference; lastKnownFileType = text.plist.xml; path = "VSD-Info.plist"; sourceTree = "<group>"; };
		3AD8A2C419398CC20009D4C0 /* en */ = {isa = PBXFileReference; lastKnownFileType = text.plist.strings; name = en; path = en.lproj/InfoPlist.strings; sourceTree = "<group>"; };
		3AD8A2C619398CC20009D4C0 /* main.m */ = {isa = PBXFileReference; lastKnownFileType = sourcecode.c.objc; path = main.m; sourceTree = "<group>"; };
		3AD8A2C819398CC20009D4C0 /* VSD-Prefix.pch */ = {isa = PBXFileReference; lastKnownFileType = sourcecode.c.h; path = "VSD-Prefix.pch"; sourceTree = "<group>"; };
		3AD8A2C919398CC20009D4C0 /* AppDelegate.h */ = {isa = PBXFileReference; lastKnownFileType = sourcecode.c.h; path = AppDelegate.h; sourceTree = "<group>"; };
		3AD8A2CA19398CC20009D4C0 /* AppDelegate.mm */ = {isa = PBXFileReference; lastKnownFileType = sourcecode.cpp.objcpp; path = AppDelegate.mm; sourceTree = "<group>"; };
		3AD8A2CC19398CC20009D4C0 /* RootViewController.h */ = {isa = PBXFileReference; lastKnownFileType = sourcecode.c.h; path = RootViewController.h; sourceTree = "<group>"; };
		3AD8A2CD19398CC20009D4C0 /* RootViewController.mm */ = {isa = PBXFileReference; lastKnownFileType = sourcecode.cpp.objcpp; path = RootViewController.mm; sourceTree = "<group>"; };
		3AD8A2CF19398CC20009D4C0 /* DataViewController.h */ = {isa = PBXFileReference; lastKnownFileType = sourcecode.c.h; path = DataViewController.h; sourceTree = "<group>"; };
		3AD8A2D019398CC20009D4C0 /* DataViewController.mm */ = {isa = PBXFileReference; lastKnownFileType = sourcecode.cpp.objcpp; path = DataViewController.mm; sourceTree = "<group>"; };
		3AD8A2D219398CC20009D4C0 /* ModelController.h */ = {isa = PBXFileReference; lastKnownFileType = sourcecode.c.h; path = ModelController.h; sourceTree = "<group>"; };
		3AD8A2D319398CC20009D4C0 /* ModelController.mm */ = {isa = PBXFileReference; lastKnownFileType = sourcecode.cpp.objcpp; path = ModelController.mm; sourceTree = "<group>"; };
		3AD8A2D619398CC20009D4C0 /* Base */ = {isa = PBXFileReference; lastKnownFileType = file.storyboard; name = Base; path = Base.lproj/Main.storyboard; sourceTree = "<group>"; };
		3AD8A2D819398CC20009D4C0 /* Images.xcassets */ = {isa = PBXFileReference; lastKnownFileType = folder.assetcatalog; path = Images.xcassets; sourceTree = "<group>"; };
		3AD8A2DE19398CC20009D4C0 /* VSDTests.xctest */ = {isa = PBXFileReference; explicitFileType = wrapper.cfbundle; includeInIndex = 0; path = VSDTests.xctest; sourceTree = BUILT_PRODUCTS_DIR; };
		3AD8A2DF19398CC20009D4C0 /* XCTest.framework */ = {isa = PBXFileReference; lastKnownFileType = wrapper.framework; name = XCTest.framework; path = Library/Frameworks/XCTest.framework; sourceTree = DEVELOPER_DIR; };
		3AD8A2E719398CC20009D4C0 /* VSDTests-Info.plist */ = {isa = PBXFileReference; lastKnownFileType = text.plist.xml; path = "VSDTests-Info.plist"; sourceTree = "<group>"; };
		3AD8A2E919398CC20009D4C0 /* en */ = {isa = PBXFileReference; lastKnownFileType = text.plist.strings; name = en; path = en.lproj/InfoPlist.strings; sourceTree = "<group>"; };
		3AD8A2EB19398CC20009D4C0 /* VSDTests.m */ = {isa = PBXFileReference; lastKnownFileType = sourcecode.c.objc; path = VSDTests.m; sourceTree = "<group>"; };
		3AD8A2F5193991010009D4C0 /* Accelerate.framework */ = {isa = PBXFileReference; lastKnownFileType = wrapper.framework; name = Accelerate.framework; path = System/Library/Frameworks/Accelerate.framework; sourceTree = SDKROOT; };
		3AD8A2F6193991010009D4C0 /* AudioUnit.framework */ = {isa = PBXFileReference; lastKnownFileType = wrapper.framework; name = AudioUnit.framework; path = System/Library/Frameworks/AudioUnit.framework; sourceTree = SDKROOT; };
		3AD8A2F7193991010009D4C0 /* AVFoundation.framework */ = {isa = PBXFileReference; lastKnownFileType = wrapper.framework; name = AVFoundation.framework; path = System/Library/Frameworks/AVFoundation.framework; sourceTree = SDKROOT; };
		3AD8A2FC1939912A0009D4C0 /* CoreAudio.framework */ = {isa = PBXFileReference; lastKnownFileType = wrapper.framework; name = CoreAudio.framework; path = System/Library/Frameworks/CoreAudio.framework; sourceTree = SDKROOT; };
		3AD8A2FD1939912A0009D4C0 /* OpenGLES.framework */ = {isa = PBXFileReference; lastKnownFileType = wrapper.framework; name = OpenGLES.framework; path = System/Library/Frameworks/OpenGLES.framework; sourceTree = SDKROOT; };
		3AD8A301193995190009D4C0 /* AudioController.h */ = {isa = PBXFileReference; fileEncoding = 4; lastKnownFileType = sourcecode.c.h; path = AudioController.h; sourceTree = "<group>"; };
		3AD8A302193995190009D4C0 /* AudioController.mm */ = {isa = PBXFileReference; fileEncoding = 4; lastKnownFileType = sourcecode.cpp.objcpp; path = AudioController.mm; sourceTree = "<group>"; };
		3AD8A31C193A3BFC0009D4C0 /* AudioToolbox.framework */ = {isa = PBXFileReference; lastKnownFileType = wrapper.framework; name = AudioToolbox.framework; path = System/Library/Frameworks/AudioToolbox.framework; sourceTree = SDKROOT; };
		3ADAEF52193EB299001AA2B5 /* BufferManager.mm */ = {isa = PBXFileReference; fileEncoding = 4; lastKnownFileType = sourcecode.cpp.objcpp; path = BufferManager.mm; sourceTree = "<group>"; };
		3ADAEF53193EB299001AA2B5 /* BufferManager.h */ = {isa = PBXFileReference; fileEncoding = 4; lastKnownFileType = sourcecode.c.h; path = BufferManager.h; sourceTree = "<group>"; };
		3F331FAFE3E0BCCFC3E60F6F /* Pods_VSD.framework */ = {isa = PBXFileReference; explicitFileType = wrapper.framework; includeInIndex = 0; path = Pods_VSD.framework; sourceTree = BUILT_PRODUCTS_DIR; };
		43F5979D1A7CC6EE59CF5BDD /* Pods-VSD.debug.xcconfig */ = {isa = PBXFileReference; includeInIndex = 1; lastKnownFileType = text.xcconfig; name = "Pods-VSD.debug.xcconfig"; path = "Pods/Target Support Files/Pods-VSD/Pods-VSD.debug.xcconfig"; sourceTree = "<group>"; };
		88B89D53E871FE5132F15505 /* Pods-VSD-VSDTests.debug.xcconfig */ = {isa = PBXFileReference; includeInIndex = 1; lastKnownFileType = text.xcconfig; name = "Pods-VSD-VSDTests.debug.xcconfig"; path = "Pods/Target Support Files/Pods-VSD-VSDTests/Pods-VSD-VSDTests.debug.xcconfig"; sourceTree = "<group>"; };
		A6A2F7B99FA881EE943C0318 /* Pods-VSD.release.xcconfig */ = {isa = PBXFileReference; includeInIndex = 1; lastKnownFileType = text.xcconfig; name = "Pods-VSD.release.xcconfig"; path = "Pods/Target Support Files/Pods-VSD/Pods-VSD.release.xcconfig"; sourceTree = "<group>"; };
		ACD3E194D2087CD3BE5B8FF0 /* Pods-VSD-VSDTests.release.xcconfig */ = {isa = PBXFileReference; includeInIndex = 1; lastKnownFileType = text.xcconfig; name = "Pods-VSD-VSDTests.release.xcconfig"; path = "Pods/Target Support Files/Pods-VSD-VSDTests/Pods-VSD-VSDTests.release.xcconfig"; sourceTree = "<group>"; };
		BD8B080CAD59E0F61942574B /* Pods_VSD_VSDTests.framework */ = {isa = PBXFileReference; explicitFileType = wrapper.framework; includeInIndex = 0; path = Pods_VSD_VSDTests.framework; sourceTree = BUILT_PRODUCTS_DIR; };
		E80CA953211C6B6100ACF035 /* CAMath.h */ = {isa = PBXFileReference; fileEncoding = 4; lastKnownFileType = sourcecode.c.h; name = CAMath.h; path = PublicUtility/CAMath.h; sourceTree = "<group>"; };
		E80CA954211C6B6100ACF035 /* CADebugMacros.cpp */ = {isa = PBXFileReference; fileEncoding = 4; lastKnownFileType = sourcecode.cpp.cpp; name = CADebugMacros.cpp; path = PublicUtility/CADebugMacros.cpp; sourceTree = "<group>"; };
		E80CA955211C6B6100ACF035 /* CABitOperations.h */ = {isa = PBXFileReference; fileEncoding = 4; lastKnownFileType = sourcecode.c.h; name = CABitOperations.h; path = PublicUtility/CABitOperations.h; sourceTree = "<group>"; };
		E80CA956211C6B6100ACF035 /* CAXException.cpp */ = {isa = PBXFileReference; fileEncoding = 4; lastKnownFileType = sourcecode.cpp.cpp; name = CAXException.cpp; path = PublicUtility/CAXException.cpp; sourceTree = "<group>"; };
		E80CA957211C6B6100ACF035 /* CAXException.h */ = {isa = PBXFileReference; fileEncoding = 4; lastKnownFileType = sourcecode.c.h; name = CAXException.h; path = PublicUtility/CAXException.h; sourceTree = "<group>"; };
		E80CA958211C6B6100ACF035 /* CAStreamBasicDescription.cpp */ = {isa = PBXFileReference; fileEncoding = 4; lastKnownFileType = sourcecode.cpp.cpp; name = CAStreamBasicDescription.cpp; path = PublicUtility/CAStreamBasicDescription.cpp; sourceTree = "<group>"; };
		E80CA959211C6B6100ACF035 /* CADebugMacros.h */ = {isa = PBXFileReference; fileEncoding = 4; lastKnownFileType = sourcecode.c.h; name = CADebugMacros.h; path = PublicUtility/CADebugMacros.h; sourceTree = "<group>"; };
		E80CA95A211C6B6100ACF035 /* CAStreamBasicDescription.h */ = {isa = PBXFileReference; fileEncoding = 4; lastKnownFileType = sourcecode.c.h; name = CAStreamBasicDescription.h; path = PublicUtility/CAStreamBasicDescription.h; sourceTree = "<group>"; };
		E887B0F02105F04900FE97CB /* rtwtypes.h */ = {isa = PBXFileReference; fileEncoding = 4; lastKnownFileType = sourcecode.c.h; name = rtwtypes.h; path = ../../Generic/C/rtwtypes.h; sourceTree = "<group>"; };
		E887B0F12105F04900FE97CB /* fft.cpp */ = {isa = PBXFileReference; fileEncoding = 4; lastKnownFileType = sourcecode.cpp.cpp; name = fft.cpp; path = ../../Generic/C/fft.cpp; sourceTree = "<group>"; };
		E887B0F22105F04900FE97CB /* vsd_initialize.cpp */ = {isa = PBXFileReference; fileEncoding = 4; lastKnownFileType = sourcecode.cpp.cpp; name = vsd_initialize.cpp; path = ../../Generic/C/vsd_initialize.cpp; sourceTree = "<group>"; };
		E887B0F32105F04900FE97CB /* vsd_emxutil.cpp */ = {isa = PBXFileReference; fileEncoding = 4; lastKnownFileType = sourcecode.cpp.cpp; name = vsd_emxutil.cpp; path = ../../Generic/C/vsd_emxutil.cpp; sourceTree = "<group>"; };
		E887B0F42105F04900FE97CB /* diff.cpp */ = {isa = PBXFileReference; fileEncoding = 4; lastKnownFileType = sourcecode.cpp.cpp; name = diff.cpp; path = ../../Generic/C/diff.cpp; sourceTree = "<group>"; };
		E887B0F52105F04900FE97CB /* fft1.h */ = {isa = PBXFileReference; fileEncoding = 4; lastKnownFileType = sourcecode.c.h; name = fft1.h; path = ../../Generic/C/fft1.h; sourceTree = "<group>"; };
		E887B0F62105F04900FE97CB /* bluesteinSetup.cpp */ = {isa = PBXFileReference; fileEncoding = 4; lastKnownFileType = sourcecode.cpp.cpp; name = bluesteinSetup.cpp; path = ../../Generic/C/bluesteinSetup.cpp; sourceTree = "<group>"; };
		E887B0F72105F04900FE97CB /* sum.h */ = {isa = PBXFileReference; fileEncoding = 4; lastKnownFileType = sourcecode.c.h; name = sum.h; path = ../../Generic/C/sum.h; sourceTree = "<group>"; };
		E887B0F82105F04900FE97CB /* vsd_types.h */ = {isa = PBXFileReference; fileEncoding = 4; lastKnownFileType = sourcecode.c.h; name = vsd_types.h; path = ../../Generic/C/vsd_types.h; sourceTree = "<group>"; };
		E887B0F92105F04A00FE97CB /* bluesteinSetup.h */ = {isa = PBXFileReference; fileEncoding = 4; lastKnownFileType = sourcecode.c.h; name = bluesteinSetup.h; path = ../../Generic/C/bluesteinSetup.h; sourceTree = "<group>"; };
		E887B0FA2105F04A00FE97CB /* abs.h */ = {isa = PBXFileReference; fileEncoding = 4; lastKnownFileType = sourcecode.c.h; name = abs.h; path = ../../Generic/C/abs.h; sourceTree = "<group>"; };
		E887B0FB2105F04A00FE97CB /* spline.h */ = {isa = PBXFileReference; fileEncoding = 4; lastKnownFileType = sourcecode.c.h; name = spline.h; path = ../../Generic/C/spline.h; sourceTree = "<group>"; };
		E887B0FC2105F04A00FE97CB /* vsd_terminate.cpp */ = {isa = PBXFileReference; fileEncoding = 4; lastKnownFileType = sourcecode.cpp.cpp; name = vsd_terminate.cpp; path = ../../Generic/C/vsd_terminate.cpp; sourceTree = "<group>"; };
		E887B0FD2105F04A00FE97CB /* pwchcore.h */ = {isa = PBXFileReference; fileEncoding = 4; lastKnownFileType = sourcecode.c.h; name = pwchcore.h; path = ../../Generic/C/pwchcore.h; sourceTree = "<group>"; };
		E887B0FE2105F04A00FE97CB /* vsd.cpp */ = {isa = PBXFileReference; fileEncoding = 4; lastKnownFileType = sourcecode.cpp.cpp; name = vsd.cpp; path = ../../Generic/C/vsd.cpp; sourceTree = "<group>"; };
		E887B0FF2105F04A00FE97CB /* emd.cpp */ = {isa = PBXFileReference; fileEncoding = 4; lastKnownFileType = sourcecode.cpp.cpp; name = emd.cpp; path = ../../Generic/C/emd.cpp; sourceTree = "<group>"; };
		E887B1002105F04A00FE97CB /* rt_nonfinite.h */ = {isa = PBXFileReference; fileEncoding = 4; lastKnownFileType = sourcecode.c.h; name = rt_nonfinite.h; path = ../../Generic/C/rt_nonfinite.h; sourceTree = "<group>"; };
		E887B1012105F04A00FE97CB /* vsd_terminate.h */ = {isa = PBXFileReference; fileEncoding = 4; lastKnownFileType = sourcecode.c.h; name = vsd_terminate.h; path = ../../Generic/C/vsd_terminate.h; sourceTree = "<group>"; };
		E887B1022105F04A00FE97CB /* rtGetInf.h */ = {isa = PBXFileReference; fileEncoding = 4; lastKnownFileType = sourcecode.c.h; name = rtGetInf.h; path = ../../Generic/C/rtGetInf.h; sourceTree = "<group>"; };
		E887B1032105F04A00FE97CB /* rtGetInf.cpp */ = {isa = PBXFileReference; fileEncoding = 4; lastKnownFileType = sourcecode.cpp.cpp; name = rtGetInf.cpp; path = ../../Generic/C/rtGetInf.cpp; sourceTree = "<group>"; };
		E887B1042105F04A00FE97CB /* rtGetNaN.h */ = {isa = PBXFileReference; fileEncoding = 4; lastKnownFileType = sourcecode.c.h; name = rtGetNaN.h; path = ../../Generic/C/rtGetNaN.h; sourceTree = "<group>"; };
		E887B1052105F04A00FE97CB /* vsd_emxutil.h */ = {isa = PBXFileReference; fileEncoding = 4; lastKnownFileType = sourcecode.c.h; name = vsd_emxutil.h; path = ../../Generic/C/vsd_emxutil.h; sourceTree = "<group>"; };
		E887B1062105F04A00FE97CB /* vsd.h */ = {isa = PBXFileReference; fileEncoding = 4; lastKnownFileType = sourcecode.c.h; name = vsd.h; path = ../../Generic/C/vsd.h; sourceTree = "<group>"; };
		E887B1072105F04A00FE97CB /* power.h */ = {isa = PBXFileReference; fileEncoding = 4; lastKnownFileType = sourcecode.c.h; name = power.h; path = ../../Generic/C/power.h; sourceTree = "<group>"; };
		E887B1082105F04B00FE97CB /* findpeaks.cpp */ = {isa = PBXFileReference; fileEncoding = 4; lastKnownFileType = sourcecode.cpp.cpp; name = findpeaks.cpp; path = ../../Generic/C/findpeaks.cpp; sourceTree = "<group>"; };
		E887B1092105F04B00FE97CB /* findpeaks.h */ = {isa = PBXFileReference; fileEncoding = 4; lastKnownFileType = sourcecode.c.h; name = findpeaks.h; path = ../../Generic/C/findpeaks.h; sourceTree = "<group>"; };
		E887B10A2105F04B00FE97CB /* sum.cpp */ = {isa = PBXFileReference; fileEncoding = 4; lastKnownFileType = sourcecode.cpp.cpp; name = sum.cpp; path = ../../Generic/C/sum.cpp; sourceTree = "<group>"; };
		E887B10B2105F04B00FE97CB /* vsd_initialize.h */ = {isa = PBXFileReference; fileEncoding = 4; lastKnownFileType = sourcecode.c.h; name = vsd_initialize.h; path = ../../Generic/C/vsd_initialize.h; sourceTree = "<group>"; };
		E887B10C2105F04B00FE97CB /* diff.h */ = {isa = PBXFileReference; fileEncoding = 4; lastKnownFileType = sourcecode.c.h; name = diff.h; path = ../../Generic/C/diff.h; sourceTree = "<group>"; };
		E887B10D2105F04B00FE97CB /* emd.h */ = {isa = PBXFileReference; fileEncoding = 4; lastKnownFileType = sourcecode.c.h; name = emd.h; path = ../../Generic/C/emd.h; sourceTree = "<group>"; };
		E887B10E2105F04B00FE97CB /* abs.cpp */ = {isa = PBXFileReference; fileEncoding = 4; lastKnownFileType = sourcecode.cpp.cpp; name = abs.cpp; path = ../../Generic/C/abs.cpp; sourceTree = "<group>"; };
		E887B10F2105F04B00FE97CB /* power.cpp */ = {isa = PBXFileReference; fileEncoding = 4; lastKnownFileType = sourcecode.cpp.cpp; name = power.cpp; path = ../../Generic/C/power.cpp; sourceTree = "<group>"; };
		E887B1102105F04B00FE97CB /* pwchcore.cpp */ = {isa = PBXFileReference; fileEncoding = 4; lastKnownFileType = sourcecode.cpp.cpp; name = pwchcore.cpp; path = ../../Generic/C/pwchcore.cpp; sourceTree = "<group>"; };
		E887B1112105F04B00FE97CB /* fft.h */ = {isa = PBXFileReference; fileEncoding = 4; lastKnownFileType = sourcecode.c.h; name = fft.h; path = ../../Generic/C/fft.h; sourceTree = "<group>"; };
		E887B1122105F04C00FE97CB /* rtGetNaN.cpp */ = {isa = PBXFileReference; fileEncoding = 4; lastKnownFileType = sourcecode.cpp.cpp; name = rtGetNaN.cpp; path = ../../Generic/C/rtGetNaN.cpp; sourceTree = "<group>"; };
		E887B1132105F04C00FE97CB /* spline.cpp */ = {isa = PBXFileReference; fileEncoding = 4; lastKnownFileType = sourcecode.cpp.cpp; name = spline.cpp; path = ../../Generic/C/spline.cpp; sourceTree = "<group>"; };
		E887B1142105F04C00FE97CB /* fft1.cpp */ = {isa = PBXFileReference; fileEncoding = 4; lastKnownFileType = sourcecode.cpp.cpp; name = fft1.cpp; path = ../../Generic/C/fft1.cpp; sourceTree = "<group>"; };
		E887B1152105F04C00FE97CB /* rt_nonfinite.cpp */ = {isa = PBXFileReference; fileEncoding = 4; lastKnownFileType = sourcecode.cpp.cpp; name = rt_nonfinite.cpp; path = ../../Generic/C/rt_nonfinite.cpp; sourceTree = "<group>"; };
/* End PBXFileReference section */

/* Begin PBXFrameworksBuildPhase section */
		3AD8A2B419398CC10009D4C0 /* Frameworks */ = {
			isa = PBXFrameworksBuildPhase;
			buildActionMask = 2147483647;
			files = (
				3E5A90EA1E0B74A90077137B /* QuartzCore.framework in Frameworks */,
				3AD8A31D193A3BFC0009D4C0 /* AudioToolbox.framework in Frameworks */,
				3AD8A2FF1939912A0009D4C0 /* CoreAudio.framework in Frameworks */,
				3AD8A2F8193991010009D4C0 /* Accelerate.framework in Frameworks */,
				3AD8A2FA193991010009D4C0 /* AVFoundation.framework in Frameworks */,
				3AD8A2BF19398CC10009D4C0 /* UIKit.framework in Frameworks */,
				3AD8A2BB19398CC10009D4C0 /* Foundation.framework in Frameworks */,
				28D349B5833CCF806B34449E /* Pods_VSD.framework in Frameworks */,
			);
			runOnlyForDeploymentPostprocessing = 0;
		};
		3AD8A2DB19398CC20009D4C0 /* Frameworks */ = {
			isa = PBXFrameworksBuildPhase;
			buildActionMask = 2147483647;
			files = (
				3AD8A2E019398CC20009D4C0 /* XCTest.framework in Frameworks */,
				3AD8A2E219398CC20009D4C0 /* UIKit.framework in Frameworks */,
				3AD8A2E119398CC20009D4C0 /* Foundation.framework in Frameworks */,
				148C746F33C2AB3FDDC5644B /* Pods_VSD_VSDTests.framework in Frameworks */,
			);
			runOnlyForDeploymentPostprocessing = 0;
		};
/* End PBXFrameworksBuildPhase section */

/* Begin PBXGroup section */
		3A6E3E1E199C4CAD003E5D19 /* iPad */ = {
			isa = PBXGroup;
			children = (
			);
			name = iPad;
			sourceTree = "<group>";
		};
		3AA5242619400E6700838171 /* AudioProcessing */ = {
			isa = PBXGroup;
			children = (
				E887B10E2105F04B00FE97CB /* abs.cpp */,
				E887B0FA2105F04A00FE97CB /* abs.h */,
				E887B0F62105F04900FE97CB /* bluesteinSetup.cpp */,
				E887B0F92105F04A00FE97CB /* bluesteinSetup.h */,
				E887B0F42105F04900FE97CB /* diff.cpp */,
				E887B10C2105F04B00FE97CB /* diff.h */,
				E887B0FF2105F04A00FE97CB /* emd.cpp */,
				E887B10D2105F04B00FE97CB /* emd.h */,
				E887B0F12105F04900FE97CB /* fft.cpp */,
				E887B1112105F04B00FE97CB /* fft.h */,
				E887B1142105F04C00FE97CB /* fft1.cpp */,
				E887B0F52105F04900FE97CB /* fft1.h */,
				E887B1082105F04B00FE97CB /* findpeaks.cpp */,
				E887B1092105F04B00FE97CB /* findpeaks.h */,
				E887B10F2105F04B00FE97CB /* power.cpp */,
				E887B1072105F04A00FE97CB /* power.h */,
				E887B1102105F04B00FE97CB /* pwchcore.cpp */,
				E887B0FD2105F04A00FE97CB /* pwchcore.h */,
				E887B1152105F04C00FE97CB /* rt_nonfinite.cpp */,
				E887B1002105F04A00FE97CB /* rt_nonfinite.h */,
				E887B1032105F04A00FE97CB /* rtGetInf.cpp */,
				E887B1022105F04A00FE97CB /* rtGetInf.h */,
				E887B1122105F04C00FE97CB /* rtGetNaN.cpp */,
				E887B1042105F04A00FE97CB /* rtGetNaN.h */,
				E887B0F02105F04900FE97CB /* rtwtypes.h */,
				E887B1132105F04C00FE97CB /* spline.cpp */,
				E887B0FB2105F04A00FE97CB /* spline.h */,
				E887B10A2105F04B00FE97CB /* sum.cpp */,
				E887B0F72105F04900FE97CB /* sum.h */,
				E887B0F32105F04900FE97CB /* vsd_emxutil.cpp */,
				E887B1052105F04A00FE97CB /* vsd_emxutil.h */,
				E887B0F22105F04900FE97CB /* vsd_initialize.cpp */,
				E887B10B2105F04B00FE97CB /* vsd_initialize.h */,
				E887B0FC2105F04A00FE97CB /* vsd_terminate.cpp */,
				E887B1012105F04A00FE97CB /* vsd_terminate.h */,
				E887B0F82105F04900FE97CB /* vsd_types.h */,
				E887B0FE2105F04A00FE97CB /* vsd.cpp */,
				E887B1062105F04A00FE97CB /* vsd.h */,
			);
			name = AudioProcessing;
			sourceTree = "<group>";
		};
		3AD8A2AE19398CC10009D4C0 = {
			isa = PBXGroup;
			children = (
				3AD8A2C019398CC20009D4C0 /* VSD */,
				3AD8A2E519398CC20009D4C0 /* VSDTests */,
				3AD8A2B919398CC10009D4C0 /* Frameworks */,
				3AD8A2B819398CC10009D4C0 /* Products */,
				EE6CF87B43AA2A2BF81A2ED1 /* Pods */,
			);
			sourceTree = "<group>";
		};
		3AD8A2B819398CC10009D4C0 /* Products */ = {
			isa = PBXGroup;
			children = (
				3AD8A2B719398CC10009D4C0 /* VSD.app */,
				3AD8A2DE19398CC20009D4C0 /* VSDTests.xctest */,
			);
			name = Products;
			sourceTree = "<group>";
		};
		3AD8A2B919398CC10009D4C0 /* Frameworks */ = {
			isa = PBXGroup;
			children = (
				3A40D1C6194A746D0067B456 /* QuartzCore.framework */,
				3AD8A31C193A3BFC0009D4C0 /* AudioToolbox.framework */,
				3AD8A2FC1939912A0009D4C0 /* CoreAudio.framework */,
				3AD8A2FD1939912A0009D4C0 /* OpenGLES.framework */,
				3AD8A2F5193991010009D4C0 /* Accelerate.framework */,
				3AD8A2F6193991010009D4C0 /* AudioUnit.framework */,
				3AD8A2F7193991010009D4C0 /* AVFoundation.framework */,
				3AD8A2BA19398CC10009D4C0 /* Foundation.framework */,
				3AD8A2BC19398CC10009D4C0 /* CoreGraphics.framework */,
				3AD8A2BE19398CC10009D4C0 /* UIKit.framework */,
				3AD8A2DF19398CC20009D4C0 /* XCTest.framework */,
				3F331FAFE3E0BCCFC3E60F6F /* Pods_VSD.framework */,
				BD8B080CAD59E0F61942574B /* Pods_VSD_VSDTests.framework */,
			);
			name = Frameworks;
			sourceTree = "<group>";
		};
		3AD8A2C019398CC20009D4C0 /* VSD */ = {
			isa = PBXGroup;
			children = (
				3A6E3E1E199C4CAD003E5D19 /* iPad */,
				3AA5242619400E6700838171 /* AudioProcessing */,
				3AD8A30F193996830009D4C0 /* PublicUtility */,
				3AD8A30D193996150009D4C0 /* AudioController */,
				3AD8A2C919398CC20009D4C0 /* AppDelegate.h */,
				3AD8A2CA19398CC20009D4C0 /* AppDelegate.mm */,
				3AD8A2CC19398CC20009D4C0 /* RootViewController.h */,
				3AD8A2CD19398CC20009D4C0 /* RootViewController.mm */,
				3AD8A2CF19398CC20009D4C0 /* DataViewController.h */,
				3AD8A2D019398CC20009D4C0 /* DataViewController.mm */,
				3AD8A2D219398CC20009D4C0 /* ModelController.h */,
				3AD8A2D319398CC20009D4C0 /* ModelController.mm */,
				3AD8A2D519398CC20009D4C0 /* Main.storyboard */,
				3AD8A2D819398CC20009D4C0 /* Images.xcassets */,
				3AD8A2C119398CC20009D4C0 /* Supporting Files */,
			);
			path = VSD;
			sourceTree = "<group>";
		};
		3AD8A2C119398CC20009D4C0 /* Supporting Files */ = {
			isa = PBXGroup;
			children = (
				3A2C17CB1979E95300DF5FE9 /* icon_58.png */,
				3A2C17CA1979E93D00DF5FE9 /* icon_80.png */,
				3A2C17C91979E90800DF5FE9 /* icon_120.png */,
				3AD8A2C219398CC20009D4C0 /* VSD-Info.plist */,
				3AD8A2C319398CC20009D4C0 /* InfoPlist.strings */,
				3AD8A2C619398CC20009D4C0 /* main.m */,
				3AD8A2C819398CC20009D4C0 /* VSD-Prefix.pch */,
			);
			name = "Supporting Files";
			sourceTree = "<group>";
		};
		3AD8A2E519398CC20009D4C0 /* VSDTests */ = {
			isa = PBXGroup;
			children = (
				3AD8A2EB19398CC20009D4C0 /* VSDTests.m */,
				3AD8A2E619398CC20009D4C0 /* Supporting Files */,
			);
			path = VSDTests;
			sourceTree = "<group>";
		};
		3AD8A2E619398CC20009D4C0 /* Supporting Files */ = {
			isa = PBXGroup;
			children = (
				3AD8A2E719398CC20009D4C0 /* VSDTests-Info.plist */,
				3AD8A2E819398CC20009D4C0 /* InfoPlist.strings */,
			);
			name = "Supporting Files";
			sourceTree = "<group>";
		};
		3AD8A30D193996150009D4C0 /* AudioController */ = {
			isa = PBXGroup;
			children = (
				3AD8A301193995190009D4C0 /* AudioController.h */,
				3AD8A302193995190009D4C0 /* AudioController.mm */,
				3ADAEF52193EB299001AA2B5 /* BufferManager.mm */,
				3ADAEF53193EB299001AA2B5 /* BufferManager.h */,
			);
			name = AudioController;
			sourceTree = "<group>";
		};
		3AD8A30F193996830009D4C0 /* PublicUtility */ = {
			isa = PBXGroup;
			children = (
				E80CA955211C6B6100ACF035 /* CABitOperations.h */,
				E80CA954211C6B6100ACF035 /* CADebugMacros.cpp */,
				E80CA959211C6B6100ACF035 /* CADebugMacros.h */,
				E80CA953211C6B6100ACF035 /* CAMath.h */,
				E80CA958211C6B6100ACF035 /* CAStreamBasicDescription.cpp */,
				E80CA95A211C6B6100ACF035 /* CAStreamBasicDescription.h */,
				E80CA956211C6B6100ACF035 /* CAXException.cpp */,
				E80CA957211C6B6100ACF035 /* CAXException.h */,
			);
			name = PublicUtility;
			sourceTree = "<group>";
		};
		EE6CF87B43AA2A2BF81A2ED1 /* Pods */ = {
			isa = PBXGroup;
			children = (
				43F5979D1A7CC6EE59CF5BDD /* Pods-VSD.debug.xcconfig */,
				A6A2F7B99FA881EE943C0318 /* Pods-VSD.release.xcconfig */,
				88B89D53E871FE5132F15505 /* Pods-VSD-VSDTests.debug.xcconfig */,
				ACD3E194D2087CD3BE5B8FF0 /* Pods-VSD-VSDTests.release.xcconfig */,
			);
			name = Pods;
			sourceTree = "<group>";
		};
/* End PBXGroup section */

/* Begin PBXNativeTarget section */
		3AD8A2B619398CC10009D4C0 /* VSD */ = {
			isa = PBXNativeTarget;
			buildConfigurationList = 3AD8A2EF19398CC20009D4C0 /* Build configuration list for PBXNativeTarget "VSD" */;
			buildPhases = (
				2E27D1C3AD828459ACFCB369 /* [CP] Check Pods Manifest.lock */,
				3AD8A2B319398CC10009D4C0 /* Sources */,
				3AD8A2B419398CC10009D4C0 /* Frameworks */,
				3AD8A2B519398CC10009D4C0 /* Resources */,
				3B9EF50A1C8AE7F5201FC863 /* [CP] Embed Pods Frameworks */,
				8853A40DF253580D193C3C31 /* [CP] Copy Pods Resources */,
			);
			buildRules = (
			);
			dependencies = (
			);
			name = VSD;
			productName = VSD;
			productReference = 3AD8A2B719398CC10009D4C0 /* VSD.app */;
			productType = "com.apple.product-type.application";
		};
		3AD8A2DD19398CC20009D4C0 /* VSDTests */ = {
			isa = PBXNativeTarget;
			buildConfigurationList = 3AD8A2F219398CC20009D4C0 /* Build configuration list for PBXNativeTarget "VSDTests" */;
			buildPhases = (
				1551C1575F5845E8E11B613F /* [CP] Check Pods Manifest.lock */,
				3AD8A2DA19398CC20009D4C0 /* Sources */,
				3AD8A2DB19398CC20009D4C0 /* Frameworks */,
				3AD8A2DC19398CC20009D4C0 /* Resources */,
				664D754BCF1D9966ECF2EC53 /* [CP] Embed Pods Frameworks */,
				81284CD9A87A5F9D61BDB476 /* [CP] Copy Pods Resources */,
			);
			buildRules = (
			);
			dependencies = (
				3AD8A2E419398CC20009D4C0 /* PBXTargetDependency */,
			);
			name = VSDTests;
			productName = VSDTests;
			productReference = 3AD8A2DE19398CC20009D4C0 /* VSDTests.xctest */;
			productType = "com.apple.product-type.bundle.unit-test";
		};
/* End PBXNativeTarget section */

/* Begin PBXProject section */
		3AD8A2AF19398CC10009D4C0 /* Project object */ = {
			isa = PBXProject;
			attributes = {
				LastUpgradeCheck = 0940;
				ORGANIZATIONNAME = nfsindustries;
				TargetAttributes = {
					3AD8A2B619398CC10009D4C0 = {
						DevelopmentTeam = 656LRSVN44;
					};
					3AD8A2DD19398CC20009D4C0 = {
						TestTargetID = 3AD8A2B619398CC10009D4C0;
					};
				};
			};
			buildConfigurationList = 3AD8A2B219398CC10009D4C0 /* Build configuration list for PBXProject "VSD" */;
			compatibilityVersion = "Xcode 3.2";
			developmentRegion = English;
			hasScannedForEncodings = 0;
			knownRegions = (
				en,
				Base,
			);
			mainGroup = 3AD8A2AE19398CC10009D4C0;
			productRefGroup = 3AD8A2B819398CC10009D4C0 /* Products */;
			projectDirPath = "";
			projectRoot = "";
			targets = (
				3AD8A2B619398CC10009D4C0 /* VSD */,
				3AD8A2DD19398CC20009D4C0 /* VSDTests */,
			);
		};
/* End PBXProject section */

/* Begin PBXResourcesBuildPhase section */
		3AD8A2B519398CC10009D4C0 /* Resources */ = {
			isa = PBXResourcesBuildPhase;
			buildActionMask = 2147483647;
			files = (
				3AD8A2D919398CC20009D4C0 /* Images.xcassets in Resources */,
				3AD8A2C519398CC20009D4C0 /* InfoPlist.strings in Resources */,
				3AD8A2D719398CC20009D4C0 /* Main.storyboard in Resources */,
			);
			runOnlyForDeploymentPostprocessing = 0;
		};
		3AD8A2DC19398CC20009D4C0 /* Resources */ = {
			isa = PBXResourcesBuildPhase;
			buildActionMask = 2147483647;
			files = (
				3AD8A2EA19398CC20009D4C0 /* InfoPlist.strings in Resources */,
			);
			runOnlyForDeploymentPostprocessing = 0;
		};
/* End PBXResourcesBuildPhase section */

/* Begin PBXShellScriptBuildPhase section */
		1551C1575F5845E8E11B613F /* [CP] Check Pods Manifest.lock */ = {
			isa = PBXShellScriptBuildPhase;
			buildActionMask = 2147483647;
			files = (
			);
			inputPaths = (
				"${PODS_PODFILE_DIR_PATH}/Podfile.lock",
				"${PODS_ROOT}/Manifest.lock",
			);
			name = "[CP] Check Pods Manifest.lock";
			outputPaths = (
				"$(DERIVED_FILE_DIR)/Pods-VSD-VSDTests-checkManifestLockResult.txt",
			);
			runOnlyForDeploymentPostprocessing = 0;
			shellPath = /bin/sh;
			shellScript = "diff \"${PODS_PODFILE_DIR_PATH}/Podfile.lock\" \"${PODS_ROOT}/Manifest.lock\" > /dev/null\nif [ $? != 0 ] ; then\n    # print error to STDERR\n    echo \"error: The sandbox is not in sync with the Podfile.lock. Run 'pod install' or update your CocoaPods installation.\" >&2\n    exit 1\nfi\n# This output is used by Xcode 'outputs' to avoid re-running this script phase.\necho \"SUCCESS\" > \"${SCRIPT_OUTPUT_FILE_0}\"\n";
			showEnvVarsInLog = 0;
		};
		2E27D1C3AD828459ACFCB369 /* [CP] Check Pods Manifest.lock */ = {
			isa = PBXShellScriptBuildPhase;
			buildActionMask = 2147483647;
			files = (
			);
			inputPaths = (
				"${PODS_PODFILE_DIR_PATH}/Podfile.lock",
				"${PODS_ROOT}/Manifest.lock",
			);
			name = "[CP] Check Pods Manifest.lock";
			outputPaths = (
				"$(DERIVED_FILE_DIR)/Pods-VSD-checkManifestLockResult.txt",
			);
			runOnlyForDeploymentPostprocessing = 0;
			shellPath = /bin/sh;
			shellScript = "diff \"${PODS_PODFILE_DIR_PATH}/Podfile.lock\" \"${PODS_ROOT}/Manifest.lock\" > /dev/null\nif [ $? != 0 ] ; then\n    # print error to STDERR\n    echo \"error: The sandbox is not in sync with the Podfile.lock. Run 'pod install' or update your CocoaPods installation.\" >&2\n    exit 1\nfi\n# This output is used by Xcode 'outputs' to avoid re-running this script phase.\necho \"SUCCESS\" > \"${SCRIPT_OUTPUT_FILE_0}\"\n";
			showEnvVarsInLog = 0;
		};
		3B9EF50A1C8AE7F5201FC863 /* [CP] Embed Pods Frameworks */ = {
			isa = PBXShellScriptBuildPhase;
			buildActionMask = 2147483647;
			files = (
			);
			inputPaths = (
			);
			name = "[CP] Embed Pods Frameworks";
			outputPaths = (
			);
			runOnlyForDeploymentPostprocessing = 0;
			shellPath = /bin/sh;
			shellScript = "\"${SRCROOT}/Pods/Target Support Files/Pods-VSD/Pods-VSD-frameworks.sh\"\n";
			showEnvVarsInLog = 0;
		};
		664D754BCF1D9966ECF2EC53 /* [CP] Embed Pods Frameworks */ = {
			isa = PBXShellScriptBuildPhase;
			buildActionMask = 2147483647;
			files = (
			);
			inputPaths = (
				"${SRCROOT}/Pods/Target Support Files/Pods-VSD-VSDTests/Pods-VSD-VSDTests-frameworks.sh",
				"${BUILT_PRODUCTS_DIR}/KIF/KIF.framework",
			);
			name = "[CP] Embed Pods Frameworks";
			outputPaths = (
				"${TARGET_BUILD_DIR}/${FRAMEWORKS_FOLDER_PATH}/KIF.framework",
			);
			runOnlyForDeploymentPostprocessing = 0;
			shellPath = /bin/sh;
			shellScript = "\"${SRCROOT}/Pods/Target Support Files/Pods-VSD-VSDTests/Pods-VSD-VSDTests-frameworks.sh\"\n";
			showEnvVarsInLog = 0;
		};
		81284CD9A87A5F9D61BDB476 /* [CP] Copy Pods Resources */ = {
			isa = PBXShellScriptBuildPhase;
			buildActionMask = 2147483647;
			files = (
			);
			inputPaths = (
			);
			name = "[CP] Copy Pods Resources";
			outputPaths = (
			);
			runOnlyForDeploymentPostprocessing = 0;
			shellPath = /bin/sh;
			shellScript = "\"${SRCROOT}/Pods/Target Support Files/Pods-VSD-VSDTests/Pods-VSD-VSDTests-resources.sh\"\n";
			showEnvVarsInLog = 0;
		};
		8853A40DF253580D193C3C31 /* [CP] Copy Pods Resources */ = {
			isa = PBXShellScriptBuildPhase;
			buildActionMask = 2147483647;
			files = (
			);
			inputPaths = (
			);
			name = "[CP] Copy Pods Resources";
			outputPaths = (
			);
			runOnlyForDeploymentPostprocessing = 0;
			shellPath = /bin/sh;
			shellScript = "\"${SRCROOT}/Pods/Target Support Files/Pods-VSD/Pods-VSD-resources.sh\"\n";
			showEnvVarsInLog = 0;
		};
/* End PBXShellScriptBuildPhase section */

/* Begin PBXSourcesBuildPhase section */
		3AD8A2B319398CC10009D4C0 /* Sources */ = {
			isa = PBXSourcesBuildPhase;
			buildActionMask = 2147483647;
			files = (
				E80CA95C211C6B6100ACF035 /* CAXException.cpp in Sources */,
				E887B1272105F04C00FE97CB /* rt_nonfinite.cpp in Sources */,
				E887B1232105F04C00FE97CB /* pwchcore.cpp in Sources */,
				3AFBA6AD1940119000E8D9F0 /* BufferManager.mm in Sources */,
				E887B1262105F04C00FE97CB /* fft1.cpp in Sources */,
				E887B1172105F04C00FE97CB /* vsd_initialize.cpp in Sources */,
				3AD8A2D119398CC20009D4C0 /* DataViewController.mm in Sources */,
				3AD8A2CB19398CC20009D4C0 /* AppDelegate.mm in Sources */,
				E887B1182105F04C00FE97CB /* vsd_emxutil.cpp in Sources */,
				E887B1192105F04C00FE97CB /* diff.cpp in Sources */,
				E887B11C2105F04C00FE97CB /* vsd.cpp in Sources */,
				E887B11B2105F04C00FE97CB /* vsd_terminate.cpp in Sources */,
				3AD8A2D419398CC20009D4C0 /* ModelController.mm in Sources */,
				E887B1212105F04C00FE97CB /* abs.cpp in Sources */,
				3AD8A2C719398CC20009D4C0 /* main.m in Sources */,
				E887B1162105F04C00FE97CB /* fft.cpp in Sources */,
				E887B11D2105F04C00FE97CB /* emd.cpp in Sources */,
				E887B1222105F04C00FE97CB /* power.cpp in Sources */,
				E887B1242105F04C00FE97CB /* rtGetNaN.cpp in Sources */,
				3AD8A303193995190009D4C0 /* AudioController.mm in Sources */,
				E887B1202105F04C00FE97CB /* sum.cpp in Sources */,
				E887B1252105F04C00FE97CB /* spline.cpp in Sources */,
				E887B11A2105F04C00FE97CB /* bluesteinSetup.cpp in Sources */,
				E887B11E2105F04C00FE97CB /* rtGetInf.cpp in Sources */,
				3AD8A2CE19398CC20009D4C0 /* RootViewController.mm in Sources */,
				E887B11F2105F04C00FE97CB /* findpeaks.cpp in Sources */,
				E80CA95B211C6B6100ACF035 /* CADebugMacros.cpp in Sources */,
				E80CA95D211C6B6100ACF035 /* CAStreamBasicDescription.cpp in Sources */,
			);
			runOnlyForDeploymentPostprocessing = 0;
		};
		3AD8A2DA19398CC20009D4C0 /* Sources */ = {
			isa = PBXSourcesBuildPhase;
			buildActionMask = 2147483647;
			files = (
				3AD8A2EC19398CC20009D4C0 /* VSDTests.m in Sources */,
			);
			runOnlyForDeploymentPostprocessing = 0;
		};
/* End PBXSourcesBuildPhase section */

/* Begin PBXTargetDependency section */
		3AD8A2E419398CC20009D4C0 /* PBXTargetDependency */ = {
			isa = PBXTargetDependency;
			target = 3AD8A2B619398CC10009D4C0 /* VSD */;
			targetProxy = 3AD8A2E319398CC20009D4C0 /* PBXContainerItemProxy */;
		};
/* End PBXTargetDependency section */

/* Begin PBXVariantGroup section */
		3AD8A2C319398CC20009D4C0 /* InfoPlist.strings */ = {
			isa = PBXVariantGroup;
			children = (
				3AD8A2C419398CC20009D4C0 /* en */,
			);
			name = InfoPlist.strings;
			sourceTree = "<group>";
		};
		3AD8A2D519398CC20009D4C0 /* Main.storyboard */ = {
			isa = PBXVariantGroup;
			children = (
				3AD8A2D619398CC20009D4C0 /* Base */,
			);
			name = Main.storyboard;
			sourceTree = "<group>";
		};
		3AD8A2E819398CC20009D4C0 /* InfoPlist.strings */ = {
			isa = PBXVariantGroup;
			children = (
				3AD8A2E919398CC20009D4C0 /* en */,
			);
			name = InfoPlist.strings;
			sourceTree = "<group>";
		};
/* End PBXVariantGroup section */

/* Begin XCBuildConfiguration section */
		3AD8A2ED19398CC20009D4C0 /* Debug */ = {
			isa = XCBuildConfiguration;
			buildSettings = {
				ALWAYS_SEARCH_USER_PATHS = NO;
				CLANG_CXX_LANGUAGE_STANDARD = "gnu++0x";
				CLANG_CXX_LIBRARY = "libc++";
				CLANG_ENABLE_MODULES = YES;
				CLANG_ENABLE_OBJC_ARC = YES;
				CLANG_WARN_BLOCK_CAPTURE_AUTORELEASING = YES;
				CLANG_WARN_BOOL_CONVERSION = YES;
				CLANG_WARN_COMMA = YES;
				CLANG_WARN_CONSTANT_CONVERSION = YES;
				CLANG_WARN_DEPRECATED_OBJC_IMPLEMENTATIONS = YES;
				CLANG_WARN_DIRECT_OBJC_ISA_USAGE = YES_ERROR;
				CLANG_WARN_EMPTY_BODY = YES;
				CLANG_WARN_ENUM_CONVERSION = YES;
				CLANG_WARN_INFINITE_RECURSION = YES;
				CLANG_WARN_INT_CONVERSION = YES;
				CLANG_WARN_NON_LITERAL_NULL_CONVERSION = YES;
				CLANG_WARN_OBJC_IMPLICIT_RETAIN_SELF = YES;
				CLANG_WARN_OBJC_LITERAL_CONVERSION = YES;
				CLANG_WARN_OBJC_ROOT_CLASS = YES_ERROR;
				CLANG_WARN_RANGE_LOOP_ANALYSIS = YES;
				CLANG_WARN_STRICT_PROTOTYPES = YES;
				CLANG_WARN_SUSPICIOUS_MOVE = YES;
				CLANG_WARN_UNREACHABLE_CODE = YES;
				CLANG_WARN__DUPLICATE_METHOD_MATCH = YES;
				"CODE_SIGN_IDENTITY[sdk=iphoneos*]" = "iPhone Developer";
				COPY_PHASE_STRIP = NO;
				ENABLE_STRICT_OBJC_MSGSEND = YES;
				ENABLE_TESTABILITY = YES;
				GCC_C_LANGUAGE_STANDARD = gnu99;
				GCC_DYNAMIC_NO_PIC = NO;
				GCC_NO_COMMON_BLOCKS = YES;
				GCC_OPTIMIZATION_LEVEL = 0;
				GCC_PREPROCESSOR_DEFINITIONS = (
					"DEBUG=1",
					"$(inherited)",
				);
				GCC_SYMBOLS_PRIVATE_EXTERN = NO;
				GCC_WARN_64_TO_32_BIT_CONVERSION = YES;
				GCC_WARN_ABOUT_RETURN_TYPE = YES_ERROR;
				GCC_WARN_UNDECLARED_SELECTOR = YES;
				GCC_WARN_UNINITIALIZED_AUTOS = YES_AGGRESSIVE;
				GCC_WARN_UNUSED_FUNCTION = YES;
				GCC_WARN_UNUSED_VARIABLE = YES;
				IPHONEOS_DEPLOYMENT_TARGET = 9.0;
				ONLY_ACTIVE_ARCH = YES;
				SDKROOT = iphoneos;
			};
			name = Debug;
		};
		3AD8A2EE19398CC20009D4C0 /* Release */ = {
			isa = XCBuildConfiguration;
			buildSettings = {
				ALWAYS_SEARCH_USER_PATHS = NO;
				CLANG_CXX_LANGUAGE_STANDARD = "gnu++0x";
				CLANG_CXX_LIBRARY = "libc++";
				CLANG_ENABLE_MODULES = YES;
				CLANG_ENABLE_OBJC_ARC = YES;
				CLANG_WARN_BLOCK_CAPTURE_AUTORELEASING = YES;
				CLANG_WARN_BOOL_CONVERSION = YES;
				CLANG_WARN_COMMA = YES;
				CLANG_WARN_CONSTANT_CONVERSION = YES;
				CLANG_WARN_DEPRECATED_OBJC_IMPLEMENTATIONS = YES;
				CLANG_WARN_DIRECT_OBJC_ISA_USAGE = YES_ERROR;
				CLANG_WARN_EMPTY_BODY = YES;
				CLANG_WARN_ENUM_CONVERSION = YES;
				CLANG_WARN_INFINITE_RECURSION = YES;
				CLANG_WARN_INT_CONVERSION = YES;
				CLANG_WARN_NON_LITERAL_NULL_CONVERSION = YES;
				CLANG_WARN_OBJC_IMPLICIT_RETAIN_SELF = YES;
				CLANG_WARN_OBJC_LITERAL_CONVERSION = YES;
				CLANG_WARN_OBJC_ROOT_CLASS = YES_ERROR;
				CLANG_WARN_RANGE_LOOP_ANALYSIS = YES;
				CLANG_WARN_STRICT_PROTOTYPES = YES;
				CLANG_WARN_SUSPICIOUS_MOVE = YES;
				CLANG_WARN_UNREACHABLE_CODE = YES;
				CLANG_WARN__DUPLICATE_METHOD_MATCH = YES;
				"CODE_SIGN_IDENTITY[sdk=iphoneos*]" = "iPhone Developer";
				COPY_PHASE_STRIP = YES;
				ENABLE_NS_ASSERTIONS = NO;
				ENABLE_STRICT_OBJC_MSGSEND = YES;
				GCC_C_LANGUAGE_STANDARD = gnu99;
				GCC_NO_COMMON_BLOCKS = YES;
				GCC_WARN_64_TO_32_BIT_CONVERSION = YES;
				GCC_WARN_ABOUT_RETURN_TYPE = YES_ERROR;
				GCC_WARN_UNDECLARED_SELECTOR = YES;
				GCC_WARN_UNINITIALIZED_AUTOS = YES_AGGRESSIVE;
				GCC_WARN_UNUSED_FUNCTION = YES;
				GCC_WARN_UNUSED_VARIABLE = YES;
				IPHONEOS_DEPLOYMENT_TARGET = 9.0;
				SDKROOT = iphoneos;
				VALIDATE_PRODUCT = YES;
			};
			name = Release;
		};
		3AD8A2F019398CC20009D4C0 /* Debug */ = {
			isa = XCBuildConfiguration;
			baseConfigurationReference = 43F5979D1A7CC6EE59CF5BDD /* Pods-VSD.debug.xcconfig */;
			buildSettings = {
				ALWAYS_SEARCH_USER_PATHS = NO;
				ASSETCATALOG_COMPILER_APPICON_NAME = "AppIcon-2";
				ASSETCATALOG_COMPILER_LAUNCHIMAGE_NAME = LaunchImage;
				CLANG_CXX_LANGUAGE_STANDARD = "compiler-default";
				CLANG_CXX_LIBRARY = "compiler-default";
				CLANG_ENABLE_MODULES = NO;
				CODE_SIGN_IDENTITY = "iPhone Developer";
				"CODE_SIGN_IDENTITY[sdk=iphoneos*]" = "iPhone Developer";
				DEVELOPMENT_TEAM = 656LRSVN44;
				GCC_PRECOMPILE_PREFIX_HEADER = YES;
				GCC_PREFIX_HEADER = "VSD/VSD-Prefix.pch";
				GCC_PREPROCESSOR_DEFINITIONS = "";
				INFOPLIST_FILE = "VSD/VSD-Info.plist";
				IPHONEOS_DEPLOYMENT_TARGET = 8.0;
				PRODUCT_BUNDLE_IDENTIFIER = "com.nfsindustries.${PRODUCT_NAME:rfc1034identifier}";
				PRODUCT_NAME = "$(TARGET_NAME)";
				PROVISIONING_PROFILE = "";
				TARGETED_DEVICE_FAMILY = "1,2";
				WRAPPER_EXTENSION = app;
			};
			name = Debug;
		};
		3AD8A2F119398CC20009D4C0 /* Release */ = {
			isa = XCBuildConfiguration;
			baseConfigurationReference = A6A2F7B99FA881EE943C0318 /* Pods-VSD.release.xcconfig */;
			buildSettings = {
				ALWAYS_SEARCH_USER_PATHS = NO;
				ASSETCATALOG_COMPILER_APPICON_NAME = "AppIcon-2";
				ASSETCATALOG_COMPILER_LAUNCHIMAGE_NAME = LaunchImage;
				CLANG_CXX_LANGUAGE_STANDARD = "compiler-default";
				CLANG_CXX_LIBRARY = "compiler-default";
				CLANG_ENABLE_MODULES = NO;
				CODE_SIGN_IDENTITY = "iPhone Developer";
				"CODE_SIGN_IDENTITY[sdk=iphoneos*]" = "iPhone Developer";
				DEVELOPMENT_TEAM = 656LRSVN44;
				GCC_PRECOMPILE_PREFIX_HEADER = YES;
				GCC_PREFIX_HEADER = "VSD/VSD-Prefix.pch";
				INFOPLIST_FILE = "VSD/VSD-Info.plist";
				IPHONEOS_DEPLOYMENT_TARGET = 8.0;
				PRODUCT_BUNDLE_IDENTIFIER = "com.nfsindustries.${PRODUCT_NAME:rfc1034identifier}";
				PRODUCT_NAME = "$(TARGET_NAME)";
				PROVISIONING_PROFILE = "";
				TARGETED_DEVICE_FAMILY = "1,2";
				WRAPPER_EXTENSION = app;
			};
			name = Release;
		};
		3AD8A2F319398CC20009D4C0 /* Debug */ = {
			isa = XCBuildConfiguration;
			baseConfigurationReference = 88B89D53E871FE5132F15505 /* Pods-VSD-VSDTests.debug.xcconfig */;
			buildSettings = {
				BUNDLE_LOADER = "$(BUILT_PRODUCTS_DIR)/VSD.app/VSD";
				FRAMEWORK_SEARCH_PATHS = (
					"$(SDKROOT)/Developer/Library/Frameworks",
					"$(inherited)",
					"$(DEVELOPER_FRAMEWORKS_DIR)",
				);
				GCC_PRECOMPILE_PREFIX_HEADER = YES;
				GCC_PREFIX_HEADER = "VSD/VSD-Prefix.pch";
				GCC_PREPROCESSOR_DEFINITIONS = (
					"DEBUG=1",
					"$(inherited)",
				);
				INFOPLIST_FILE = "VSDTests/VSDTests-Info.plist";
				PRODUCT_BUNDLE_IDENTIFIER = "com.nfsindustries.${PRODUCT_NAME:rfc1034identifier}";
				PRODUCT_NAME = "$(TARGET_NAME)";
				TEST_HOST = "$(BUNDLE_LOADER)";
				WRAPPER_EXTENSION = xctest;
			};
			name = Debug;
		};
		3AD8A2F419398CC20009D4C0 /* Release */ = {
			isa = XCBuildConfiguration;
			baseConfigurationReference = ACD3E194D2087CD3BE5B8FF0 /* Pods-VSD-VSDTests.release.xcconfig */;
			buildSettings = {
				BUNDLE_LOADER = "$(BUILT_PRODUCTS_DIR)/VSD.app/VSD";
				FRAMEWORK_SEARCH_PATHS = (
					"$(SDKROOT)/Developer/Library/Frameworks",
					"$(inherited)",
					"$(DEVELOPER_FRAMEWORKS_DIR)",
				);
				GCC_PRECOMPILE_PREFIX_HEADER = YES;
				GCC_PREFIX_HEADER = "VSD/VSD-Prefix.pch";
				INFOPLIST_FILE = "VSDTests/VSDTests-Info.plist";
				PRODUCT_BUNDLE_IDENTIFIER = "com.nfsindustries.${PRODUCT_NAME:rfc1034identifier}";
				PRODUCT_NAME = "$(TARGET_NAME)";
				TEST_HOST = "$(BUNDLE_LOADER)";
				WRAPPER_EXTENSION = xctest;
			};
			name = Release;
		};
/* End XCBuildConfiguration section */

/* Begin XCConfigurationList section */
		3AD8A2B219398CC10009D4C0 /* Build configuration list for PBXProject "VSD" */ = {
			isa = XCConfigurationList;
			buildConfigurations = (
				3AD8A2ED19398CC20009D4C0 /* Debug */,
				3AD8A2EE19398CC20009D4C0 /* Release */,
			);
			defaultConfigurationIsVisible = 0;
			defaultConfigurationName = Release;
		};
		3AD8A2EF19398CC20009D4C0 /* Build configuration list for PBXNativeTarget "VSD" */ = {
			isa = XCConfigurationList;
			buildConfigurations = (
				3AD8A2F019398CC20009D4C0 /* Debug */,
				3AD8A2F119398CC20009D4C0 /* Release */,
			);
			defaultConfigurationIsVisible = 0;
			defaultConfigurationName = Release;
		};
		3AD8A2F219398CC20009D4C0 /* Build configuration list for PBXNativeTarget "VSDTests" */ = {
			isa = XCConfigurationList;
			buildConfigurations = (
				3AD8A2F319398CC20009D4C0 /* Debug */,
				3AD8A2F419398CC20009D4C0 /* Release */,
			);
			defaultConfigurationIsVisible = 0;
			defaultConfigurationName = Release;
		};
/* End XCConfigurationList section */
	};
	rootObject = 3AD8A2AF19398CC10009D4C0 /* Project object */;
}
